
Microsoft Visual Studio Solution File, Format Version 12.00
# Visual Studio 2013
VisualStudioVersion = 12.0.30501.0
MinimumVisualStudioVersion = 10.0.40219.1
Project("{FAE04EC0-301F-11D3-BF4B-00C04F79EFBC}") = "TransfertBDDVersAD", "TransfertBDDVersAD\TransfertBDDVersAD.csproj", "{CA02ECF1-216F-4B7D-8A4C-BC9DD6AD95E7}"
EndProject
Project("{FAE04EC0-301F-11D3-BF4B-00C04F79EFBC}") = "CreerUtilisateur", "CreerUtilisateur\CreerUtilisateur.csproj", "{4C2DFB44-A1A2-456C-90DF-D119DBCF2B9E}"
EndProject
Project("{FAE04EC0-301F-11D3-BF4B-00C04F79EFBC}") = "ServiceSynchronisation", "ServiceSynchronisation\ServiceSynchronisation.csproj", "{52FC2A68-BE20-43CE-A2D9-1D896B6A5FBE}"
EndProject
Global
	GlobalSection(SolutionConfigurationPlatforms) = preSolution
		Debug|Any CPU = Debug|Any CPU
		Release|Any CPU = Release|Any CPU
	EndGlobalSection
	GlobalSection(ProjectConfigurationPlatforms) = postSolution
		{CA02ECF1-216F-4B7D-8A4C-BC9DD6AD95E7}.Debug|Any CPU.ActiveCfg = Debug|Any CPU
		{CA02ECF1-216F-4B7D-8A4C-BC9DD6AD95E7}.Debug|Any CPU.Build.0 = Debug|Any CPU
		{CA02ECF1-216F-4B7D-8A4C-BC9DD6AD95E7}.Release|Any CPU.ActiveCfg = Release|Any CPU
		{CA02ECF1-216F-4B7D-8A4C-BC9DD6AD95E7}.Release|Any CPU.Build.0 = Release|Any CPU
		{4C2DFB44-A1A2-456C-90DF-D119DBCF2B9E}.Debug|Any CPU.ActiveCfg = Debug|Any CPU
		{4C2DFB44-A1A2-456C-90DF-D119DBCF2B9E}.Debug|Any CPU.Build.0 = Debug|Any CPU
		{4C2DFB44-A1A2-456C-90DF-D119DBCF2B9E}.Release|Any CPU.ActiveCfg = Release|Any CPU
		{4C2DFB44-A1A2-456C-90DF-D119DBCF2B9E}.Release|Any CPU.Build.0 = Release|Any CPU
		{52FC2A68-BE20-43CE-A2D9-1D896B6A5FBE}.Debug|Any CPU.ActiveCfg = Debug|Any CPU
		{52FC2A68-BE20-43CE-A2D9-1D896B6A5FBE}.Debug|Any CPU.Build.0 = Debug|Any CPU
		{52FC2A68-BE20-43CE-A2D9-1D896B6A5FBE}.Release|Any CPU.ActiveCfg = Release|Any CPU
		{52FC2A68-BE20-43CE-A2D9-1D896B6A5FBE}.Release|Any CPU.Build.0 = Release|Any CPU
	EndGlobalSection
	GlobalSection(SolutionProperties) = preSolution
		HideSolutionNode = FALSE
	EndGlobalSection
EndGlobal
